
Microsoft Visual Studio Solution File, Format Version 12.00
# Visual Studio Version 17
VisualStudioVersion = 17.9.34728.123
MinimumVisualStudioVersion = 10.0.40219.1
Project("{54A90642-561A-4BB1-A94E-469ADEE60C69}") = "petshop", "petshop\petshop.esproj", "{D8166989-C966-4BE9-B2DC-1BC6ECC581DB}"
EndProject
Project("{9A19103F-16F7-4668-BE54-9A1E7A4F7556}") = "petshop_API", "petshop_API\petshop_API.csproj", "{F7DA2953-0069-4582-BFE3-3C74FBA13248}"
EndProject
Global
	GlobalSection(SolutionConfigurationPlatforms) = preSolution
		Debug|Any CPU = Debug|Any CPU
		Release|Any CPU = Release|Any CPU
	EndGlobalSection
	GlobalSection(ProjectConfigurationPlatforms) = postSolution
		{D8166989-C966-4BE9-B2DC-1BC6ECC581DB}.Debug|Any CPU.ActiveCfg = Debug|Any CPU
		{D8166989-C966-4BE9-B2DC-1BC6ECC581DB}.Debug|Any CPU.Build.0 = Debug|Any CPU
		{D8166989-C966-4BE9-B2DC-1BC6ECC581DB}.Debug|Any CPU.Deploy.0 = Debug|Any CPU
		{D8166989-C966-4BE9-B2DC-1BC6ECC581DB}.Release|Any CPU.ActiveCfg = Release|Any CPU
		{D8166989-C966-4BE9-B2DC-1BC6ECC581DB}.Release|Any CPU.Build.0 = Release|Any CPU
		{D8166989-C966-4BE9-B2DC-1BC6ECC581DB}.Release|Any CPU.Deploy.0 = Release|Any CPU
		{F7DA2953-0069-4582-BFE3-3C74FBA13248}.Debug|Any CPU.ActiveCfg = Debug|Any CPU
		{F7DA2953-0069-4582-BFE3-3C74FBA13248}.Debug|Any CPU.Build.0 = Debug|Any CPU
		{F7DA2953-0069-4582-BFE3-3C74FBA13248}.Release|Any CPU.ActiveCfg = Release|Any CPU
		{F7DA2953-0069-4582-BFE3-3C74FBA13248}.Release|Any CPU.Build.0 = Release|Any CPU
	EndGlobalSection
	GlobalSection(SolutionProperties) = preSolution
		HideSolutionNode = FALSE
	EndGlobalSection
	GlobalSection(ExtensibilityGlobals) = postSolution
		SolutionGuid = {5582862D-9B36-4714-A365-2F7F36AABC8A}
	EndGlobalSection
EndGlobal
